
Microsoft Visual Studio Solution File, Format Version 12.00
# Visual Studio Version 16
VisualStudioVersion = 16.0.29102.190
MinimumVisualStudioVersion = 10.0.40219.1
Project("{8BC9CEB8-8B4A-11D0-8D11-00A0C91BC942}") = "Insertion Sort", "Insertion Sort\Insertion Sort.vcxproj", "{D3E581C9-2BB8-4398-9349-196AB9E62ABE}"
EndProject
Project("{8BC9CEB8-8B4A-11D0-8D11-00A0C91BC942}") = "Merge Sort", "Merge Sort\Merge Sort.vcxproj", "{3D457E90-035A-44C9-93EA-44E92C439CB6}"
EndProject
Global
	GlobalSection(SolutionConfigurationPlatforms) = preSolution
		Debug|x64 = Debug|x64
		Debug|x86 = Debug|x86
		Release|x64 = Release|x64
		Release|x86 = Release|x86
	EndGlobalSection
	GlobalSection(ProjectConfigurationPlatforms) = postSolution
		{D3E581C9-2BB8-4398-9349-196AB9E62ABE}.Debug|x64.ActiveCfg = Debug|x64
		{D3E581C9-2BB8-4398-9349-196AB9E62ABE}.Debug|x64.Build.0 = Debug|x64
		{D3E581C9-2BB8-4398-9349-196AB9E62ABE}.Debug|x86.ActiveCfg = Debug|Win32
		{D3E581C9-2BB8-4398-9349-196AB9E62ABE}.Debug|x86.Build.0 = Debug|Win32
		{D3E581C9-2BB8-4398-9349-196AB9E62ABE}.Release|x64.ActiveCfg = Release|x64
		{D3E581C9-2BB8-4398-9349-196AB9E62ABE}.Release|x64.Build.0 = Release|x64
		{D3E581C9-2BB8-4398-9349-196AB9E62ABE}.Release|x86.ActiveCfg = Release|Win32
		{D3E581C9-2BB8-4398-9349-196AB9E62ABE}.Release|x86.Build.0 = Release|Win32
		{3D457E90-035A-44C9-93EA-44E92C439CB6}.Debug|x64.ActiveCfg = Debug|x64
		{3D457E90-035A-44C9-93EA-44E92C439CB6}.Debug|x64.Build.0 = Debug|x64
		{3D457E90-035A-44C9-93EA-44E92C439CB6}.Debug|x86.ActiveCfg = Debug|Win32
		{3D457E90-035A-44C9-93EA-44E92C439CB6}.Debug|x86.Build.0 = Debug|Win32
		{3D457E90-035A-44C9-93EA-44E92C439CB6}.Release|x64.ActiveCfg = Release|x64
		{3D457E90-035A-44C9-93EA-44E92C439CB6}.Release|x64.Build.0 = Release|x64
		{3D457E90-035A-44C9-93EA-44E92C439CB6}.Release|x86.ActiveCfg = Release|Win32
		{3D457E90-035A-44C9-93EA-44E92C439CB6}.Release|x86.Build.0 = Release|Win32
	EndGlobalSection
	GlobalSection(SolutionProperties) = preSolution
		HideSolutionNode = FALSE
	EndGlobalSection
	GlobalSection(ExtensibilityGlobals) = postSolution
		SolutionGuid = {0F5C9FFB-69B5-42C2-8702-4F0E41128770}
	EndGlobalSection
EndGlobal
